
Microsoft Visual Studio Solution File, Format Version 12.00
# Visual Studio Version 17
VisualStudioVersion = 17.0.31903.59
MinimumVisualStudioVersion = 10.0.40219.1
Project("{2150E333-8FDC-42A3-9474-1A3956D46DE8}") = "src", "src", "{99D79B2E-5369-4E67-BF10-DE148E0A3E70}"
EndProject
Project("{FAE04EC0-301F-11D3-BF4B-00C04F79EFBC}") = "pizzaplace", "src\PizzaPlace\pizzaplace.csproj", "{D0FFD0C8-B122-406F-8BBE-A8B7F398D14C}"
EndProject
Project("{FAE04EC0-301F-11D3-BF4B-00C04F79EFBC}") = "PizzaPlace.Domain", "src\PizzaPlace.Domain\PizzaPlace.Domain.csproj", "{938E258D-1230-4862-84F0-E32D2FA81C94}"
EndProject
Project("{FAE04EC0-301F-11D3-BF4B-00C04F79EFBC}") = "BlazorIntro", "src\BlazorIntro\BlazorIntro.csproj", "{F2F3160F-8D2E-4EA9-8927-98D03471A54A}"
EndProject
Global
	GlobalSection(SolutionConfigurationPlatforms) = preSolution
		Debug|Any CPU = Debug|Any CPU
		Debug|x64 = Debug|x64
		Debug|x86 = Debug|x86
		Release|Any CPU = Release|Any CPU
		Release|x64 = Release|x64
		Release|x86 = Release|x86
	EndGlobalSection
	GlobalSection(ProjectConfigurationPlatforms) = postSolution
		{D0FFD0C8-B122-406F-8BBE-A8B7F398D14C}.Debug|Any CPU.ActiveCfg = Debug|Any CPU
		{D0FFD0C8-B122-406F-8BBE-A8B7F398D14C}.Debug|Any CPU.Build.0 = Debug|Any CPU
		{D0FFD0C8-B122-406F-8BBE-A8B7F398D14C}.Debug|x64.ActiveCfg = Debug|Any CPU
		{D0FFD0C8-B122-406F-8BBE-A8B7F398D14C}.Debug|x64.Build.0 = Debug|Any CPU
		{D0FFD0C8-B122-406F-8BBE-A8B7F398D14C}.Debug|x86.ActiveCfg = Debug|Any CPU
		{D0FFD0C8-B122-406F-8BBE-A8B7F398D14C}.Debug|x86.Build.0 = Debug|Any CPU
		{D0FFD0C8-B122-406F-8BBE-A8B7F398D14C}.Release|Any CPU.ActiveCfg = Release|Any CPU
		{D0FFD0C8-B122-406F-8BBE-A8B7F398D14C}.Release|Any CPU.Build.0 = Release|Any CPU
		{D0FFD0C8-B122-406F-8BBE-A8B7F398D14C}.Release|x64.ActiveCfg = Release|Any CPU
		{D0FFD0C8-B122-406F-8BBE-A8B7F398D14C}.Release|x64.Build.0 = Release|Any CPU
		{D0FFD0C8-B122-406F-8BBE-A8B7F398D14C}.Release|x86.ActiveCfg = Release|Any CPU
		{D0FFD0C8-B122-406F-8BBE-A8B7F398D14C}.Release|x86.Build.0 = Release|Any CPU
		{938E258D-1230-4862-84F0-E32D2FA81C94}.Debug|Any CPU.ActiveCfg = Debug|Any CPU
		{938E258D-1230-4862-84F0-E32D2FA81C94}.Debug|Any CPU.Build.0 = Debug|Any CPU
		{938E258D-1230-4862-84F0-E32D2FA81C94}.Debug|x64.ActiveCfg = Debug|Any CPU
		{938E258D-1230-4862-84F0-E32D2FA81C94}.Debug|x64.Build.0 = Debug|Any CPU
		{938E258D-1230-4862-84F0-E32D2FA81C94}.Debug|x86.ActiveCfg = Debug|Any CPU
		{938E258D-1230-4862-84F0-E32D2FA81C94}.Debug|x86.Build.0 = Debug|Any CPU
		{938E258D-1230-4862-84F0-E32D2FA81C94}.Release|Any CPU.ActiveCfg = Release|Any CPU
		{938E258D-1230-4862-84F0-E32D2FA81C94}.Release|Any CPU.Build.0 = Release|Any CPU
		{938E258D-1230-4862-84F0-E32D2FA81C94}.Release|x64.ActiveCfg = Release|Any CPU
		{938E258D-1230-4862-84F0-E32D2FA81C94}.Release|x64.Build.0 = Release|Any CPU
		{938E258D-1230-4862-84F0-E32D2FA81C94}.Release|x86.ActiveCfg = Release|Any CPU
		{938E258D-1230-4862-84F0-E32D2FA81C94}.Release|x86.Build.0 = Release|Any CPU
		{F2F3160F-8D2E-4EA9-8927-98D03471A54A}.Debug|Any CPU.ActiveCfg = Debug|Any CPU
		{F2F3160F-8D2E-4EA9-8927-98D03471A54A}.Debug|Any CPU.Build.0 = Debug|Any CPU
		{F2F3160F-8D2E-4EA9-8927-98D03471A54A}.Debug|x64.ActiveCfg = Debug|Any CPU
		{F2F3160F-8D2E-4EA9-8927-98D03471A54A}.Debug|x64.Build.0 = Debug|Any CPU
		{F2F3160F-8D2E-4EA9-8927-98D03471A54A}.Debug|x86.ActiveCfg = Debug|Any CPU
		{F2F3160F-8D2E-4EA9-8927-98D03471A54A}.Debug|x86.Build.0 = Debug|Any CPU
		{F2F3160F-8D2E-4EA9-8927-98D03471A54A}.Release|Any CPU.ActiveCfg = Release|Any CPU
		{F2F3160F-8D2E-4EA9-8927-98D03471A54A}.Release|Any CPU.Build.0 = Release|Any CPU
		{F2F3160F-8D2E-4EA9-8927-98D03471A54A}.Release|x64.ActiveCfg = Release|Any CPU
		{F2F3160F-8D2E-4EA9-8927-98D03471A54A}.Release|x64.Build.0 = Release|Any CPU
		{F2F3160F-8D2E-4EA9-8927-98D03471A54A}.Release|x86.ActiveCfg = Release|Any CPU
		{F2F3160F-8D2E-4EA9-8927-98D03471A54A}.Release|x86.Build.0 = Release|Any CPU
	EndGlobalSection
	GlobalSection(SolutionProperties) = preSolution
		HideSolutionNode = FALSE
	EndGlobalSection
	GlobalSection(NestedProjects) = preSolution
		{D0FFD0C8-B122-406F-8BBE-A8B7F398D14C} = {99D79B2E-5369-4E67-BF10-DE148E0A3E70}
		{938E258D-1230-4862-84F0-E32D2FA81C94} = {99D79B2E-5369-4E67-BF10-DE148E0A3E70}
		{F2F3160F-8D2E-4EA9-8927-98D03471A54A} = {99D79B2E-5369-4E67-BF10-DE148E0A3E70}
	EndGlobalSection
EndGlobal
